
Microsoft Visual Studio Solution File, Format Version 12.00
# Visual Studio 2013
VisualStudioVersion = 12.0.40629.0
MinimumVisualStudioVersion = 10.0.40219.1
Project("{FAE04EC0-301F-11D3-BF4B-00C04F79EFBC}") = "Salesforce.Tooling.APIs", "Salesforce.Tooling.APIs\Salesforce.Tooling.APIs.csproj", "{0BC9EBC7-EE80-4869-AD97-5A5C9BF3190E}"
EndProject
Project("{2150E333-8FDC-42A3-9474-1A3956D46DE8}") = "Tests", "Tests", "{8DDF9570-33A3-4892-828A-AF1E4B214D79}"
EndProject
Project("{FAE04EC0-301F-11D3-BF4B-00C04F79EFBC}") = "Salesforce.Tooling.APIs.Tests", "Salesforce.Tooling.APIs.Tests\Salesforce.Tooling.APIs.Tests.csproj", "{502F9135-10FF-4A73-96FD-23F1F8A4CD84}"
EndProject
Global
	GlobalSection(SolutionConfigurationPlatforms) = preSolution
		Debug|Any CPU = Debug|Any CPU
		Release|Any CPU = Release|Any CPU
	EndGlobalSection
	GlobalSection(ProjectConfigurationPlatforms) = postSolution
		{0BC9EBC7-EE80-4869-AD97-5A5C9BF3190E}.Debug|Any CPU.ActiveCfg = Debug|Any CPU
		{0BC9EBC7-EE80-4869-AD97-5A5C9BF3190E}.Debug|Any CPU.Build.0 = Debug|Any CPU
		{0BC9EBC7-EE80-4869-AD97-5A5C9BF3190E}.Release|Any CPU.ActiveCfg = Release|Any CPU
		{0BC9EBC7-EE80-4869-AD97-5A5C9BF3190E}.Release|Any CPU.Build.0 = Release|Any CPU
		{502F9135-10FF-4A73-96FD-23F1F8A4CD84}.Debug|Any CPU.ActiveCfg = Debug|Any CPU
		{502F9135-10FF-4A73-96FD-23F1F8A4CD84}.Debug|Any CPU.Build.0 = Debug|Any CPU
		{502F9135-10FF-4A73-96FD-23F1F8A4CD84}.Release|Any CPU.ActiveCfg = Release|Any CPU
		{502F9135-10FF-4A73-96FD-23F1F8A4CD84}.Release|Any CPU.Build.0 = Release|Any CPU
	EndGlobalSection
	GlobalSection(SolutionProperties) = preSolution
		HideSolutionNode = FALSE
	EndGlobalSection
	GlobalSection(NestedProjects) = preSolution
		{502F9135-10FF-4A73-96FD-23F1F8A4CD84} = {8DDF9570-33A3-4892-828A-AF1E4B214D79}
	EndGlobalSection
EndGlobal
